{
  "requires": true,
  "lockfileVersion": 1,
  "dependencies": {
    "bulma": {
      "version": "0.8.1",
      "resolved": "https://registry.npmjs.org/bulma/-/bulma-0.8.1.tgz",
      "integrity": "sha512-Afi2zv4DKmNSYfmx55V+Mtnt8+WfR8Rs65kWArmzEuWP7vNr7dSAEDI+ORZlgOR1gueNZwpKaPdUi4ZiTNwgPA=="
    },
    "bulma-carousel": {
      "version": "4.0.4",
      "resolved": "https://registry.npmjs.org/bulma-carousel/-/bulma-carousel-4.0.4.tgz",
      "integrity": "sha512-fxARvrPZ0meiVMkxI1ayK2RBd9YUNPc7FFnDpD+SgPnQdZgW+VAvHM8YdR3BJfnmR9lNWNqfKR/hk7Ko0GP2tA=="
    }
  }
}
